PODS:
  - Kiwi/ARC (2.2.2)
  - Kiwi/NonARC (2.2.2)
  - Kiwi/XCTest (2.2.2):
    - Kiwi/ARC
    - Kiwi/NonARC
  - Mantle (1.5):
    - Mantle/extobjc
  - Mantle/extobjc (1.5)
  - NSArray+Functional (1.0.0)

DEPENDENCIES:
  - Kiwi/XCTest (= 2.2.2)
  - Mantle (= 1.5)
  - NSArray+Functional (= 1.0.0)

SPEC CHECKSUMS:
  Kiwi: 513ec6b10d7545b0cbeeb89f4f3adffe8e5520be
  Mantle: c67a7e45e14196ed42b2a7cbb98ff6a9920e6b92
  NSArray+Functional: 2c9ad6ab9b0dc7abe73416d265d569c8b20b9f3c

COCOAPODS: 0.33.1
